
Microsoft Visual Studio Solution File, Format Version 12.00
# Visual Studio 14
VisualStudioVersion = 14.0.24720.0
MinimumVisualStudioVersion = 10.0.40219.1
Project("{8BC9CEB8-8B4A-11D0-8D11-00A0C91BC942}") = "matconvnet", "matconvnet.vcxproj", "{B0BD9132-1D90-4267-A07A-B44DE497A9C7}"
EndProject
Global
	GlobalSection(SolutionConfigurationPlatforms) = preSolution
		Debug|Win32 = Debug|Win32
		Debug|x64 = Debug|x64
		Release|Win32 = Release|Win32
		Release|x64 = Release|x64
	EndGlobalSection
	GlobalSection(ProjectConfigurationPlatforms) = postSolution
		{B0BD9132-1D90-4267-A07A-B44DE497A9C7}.Debug|Win32.ActiveCfg = Debug|Win32
		{B0BD9132-1D90-4267-A07A-B44DE497A9C7}.Debug|Win32.Build.0 = Debug|Win32
		{B0BD9132-1D90-4267-A07A-B44DE497A9C7}.Debug|x64.ActiveCfg = Debug|Win32
		{B0BD9132-1D90-4267-A07A-B44DE497A9C7}.Release|Win32.ActiveCfg = Release|Win32
		{B0BD9132-1D90-4267-A07A-B44DE497A9C7}.Release|Win32.Build.0 = Release|Win32
		{B0BD9132-1D90-4267-A07A-B44DE497A9C7}.Release|x64.ActiveCfg = Release|Win32
	EndGlobalSection
	GlobalSection(SolutionProperties) = preSolution
		HideSolutionNode = FALSE
	EndGlobalSection
EndGlobal
